{
  "lockfileVersion": 1,
  "workspaces": {
    "": {
      "name": "cadex-test-task",
      "devDependencies": {
        "@types/node": "^22.15.4",
        "prettier": "^3.5.3",
        "typescript": "^5.8.3",
      },
    },
  },
  "packages": {
    "@types/node": ["@types/node@22.15.4", "", { "dependencies": { "undici-types": "~6.21.0" } }, "sha512-581aCnNSw/a15qoDn8hPfod5YOUNPKlMuT8d33OyhQ6mfZgnogLBZxPupGnFXLxpbTOz4A7/gI2t+uLDD/LMNA=="],

    "prettier": ["prettier@3.5.3", "", { "bin": { "prettier": "bin/prettier.cjs" } }, "sha512-QQtaxnoDJeAkDvDKWCLiwIXkTgRhwYDEQCghU9Z6q03iyek/rxRh/2lC3HB7P8sWT2xC/y5JDctPLBIGzHKbhw=="],

    "typescript": ["typescript@5.8.3", "", { "bin": { "tsc": "bin/tsc", "tsserver": "bin/tsserver" } }, "sha512-p1diW6TqL9L07nNxvRMM7hMMw4c5XOo/1ibL4aAIGmSAt9slTE1Xgw5KWuof2uTOvCg9BY7ZRi+GaF+7sfgPeQ=="],

    "undici-types": ["undici-types@6.21.0", "", {}, "sha512-iwDZqg0QAGrg9Rav5H4n0M64c3mkR59cJ6wQp+7C4nI0gsmExaedaYLNO44eT4AtBBwjbTiGPMlt2Md0T9H9JQ=="],
  }
}
